// !$*UTF8*$!
{
	archiveVersion = 1;
	classes = {
	};
	objectVersion = 46;
	objects = {

/* Begin PBXBuildFile section */
		3047A2641C914E130053ADA5 /* AppDelegate.swift in Sources */ = {isa = PBXBuildFile; fileRef = 3047A2631C914E130053ADA5 /* AppDelegate.swift */; };
		3047A2661C914E130053ADA5 /* ViewController.swift in Sources */ = {isa = PBXBuildFile; fileRef = 3047A2651C914E130053ADA5 /* ViewController.swift */; };
		3047A2691C914E130053ADA5 /* Main.storyboard in Resources */ = {isa = PBXBuildFile; fileRef = 3047A2671C914E130053ADA5 /* Main.storyboard */; };
		3047A26B1C914E130053ADA5 /* Assets.xcassets in Resources */ = {isa = PBXBuildFile; fileRef = 3047A26A1C914E130053ADA5 /* Assets.xcassets */; };
		3047A26E1C914E130053ADA5 /* LaunchScreen.storyboard in Resources */ = {isa = PBXBuildFile; fileRef = 3047A26C1C914E130053ADA5 /* LaunchScreen.storyboard */; };
		3047A2791C914E130053ADA5 /* SelfSizingTableTests.swift in Sources */ = {isa = PBXBuildFile; fileRef = 3047A2781C914E130053ADA5 /* SelfSizingTableTests.swift */; };
		3047A2841C914E130053ADA5 /* SelfSizingTableUITests.swift in Sources */ = {isa = PBXBuildFile; fileRef = 3047A2831C914E130053ADA5 /* SelfSizingTableUITests.swift */; };
		309605B11C97E2950081F514 /* SelfSizingTableViewCell.swift in Sources */ = {isa = PBXBuildFile; fileRef = 309605B01C97E2950081F514 /* SelfSizingTableViewCell.swift */; };
/* End PBXBuildFile section */

/* Begin PBXContainerItemProxy section */
		3047A2751C914E130053ADA5 /* PBXContainerItemProxy */ = {
			isa = PBXContainerItemProxy;
			containerPortal = 3047A2581C914E130053ADA5 /* Project object */;
			proxyType = 1;
			remoteGlobalIDString = 3047A25F1C914E130053ADA5;
			remoteInfo = SelfSizingTable;
		};
		3047A2801C914E130053ADA5 /* PBXContainerItemProxy */ = {
			isa = PBXContainerItemProxy;
			containerPortal = 3047A2581C914E130053ADA5 /* Project object */;
			proxyType = 1;
			remoteGlobalIDString = 3047A25F1C914E130053ADA5;
			remoteInfo = SelfSizingTable;
		};
/* End PBXContainerItemProxy section */

/* Begin PBXFileReference section */
		3047A2601C914E130053ADA5 /* SelfSizingTable.app */ = {isa = PBXFileReference; explicitFileType = wrapper.application; includeInIndex = 0; path = SelfSizingTable.app; sourceTree = BUILT_PRODUCTS_DIR; };
		3047A2631C914E130053ADA5 /* AppDelegate.swift */ = {isa = PBXFileReference; lastKnownFileType = sourcecode.swift; path = AppDelegate.swift; sourceTree = "<group>"; };
		3047A2651C914E130053ADA5 /* ViewController.swift */ = {isa = PBXFileReference; lastKnownFileType = sourcecode.swift; path = ViewController.swift; sourceTree = "<group>"; };
		3047A2681C914E130053ADA5 /* Base */ = {isa = PBXFileReference; lastKnownFileType = file.storyboard; name = Base; path = Base.lproj/Main.storyboard; sourceTree = "<group>"; };
		3047A26A1C914E130053ADA5 /* Assets.xcassets */ = {isa = PBXFileReference; lastKnownFileType = folder.assetcatalog; path = Assets.xcassets; sourceTree = "<group>"; };
		3047A26D1C914E130053ADA5 /* Base */ = {isa = PBXFileReference; lastKnownFileType = file.storyboard; name = Base; path = Base.lproj/LaunchScreen.storyboard; sourceTree = "<group>"; };
		3047A26F1C914E130053ADA5 /* Info.plist */ = {isa = PBXFileReference; lastKnownFileType = text.plist.xml; path = Info.plist; sourceTree = "<group>"; };
		3047A2741C914E130053ADA5 /* SelfSizingTableTests.xctest */ = {isa = PBXFileReference; explicitFileType = wrapper.cfbundle; includeInIndex = 0; path = SelfSizingTableTests.xctest; sourceTree = BUILT_PRODUCTS_DIR; };
		3047A2781C914E130053ADA5 /* SelfSizingTableTests.swift */ = {isa = PBXFileReference; lastKnownFileType = sourcecode.swift; path = SelfSizingTableTests.swift; sourceTree = "<group>"; };
		3047A27A1C914E130053ADA5 /* Info.plist */ = {isa = PBXFileReference; lastKnownFileType = text.plist.xml; path = Info.plist; sourceTree = "<group>"; };
		3047A27F1C914E130053ADA5 /* SelfSizingTableUITests.xctest */ = {isa = PBXFileReference; explicitFileType = wrapper.cfbundle; includeInIndex = 0; path = SelfSizingTableUITests.xctest; sourceTree = BUILT_PRODUCTS_DIR; };
		3047A2831C914E130053ADA5 /* SelfSizingTableUITests.swift */ = {isa = PBXFileReference; lastKnownFileType = sourcecode.swift; path = SelfSizingTableUITests.swift; sourceTree = "<group>"; };
		3047A2851C914E130053ADA5 /* Info.plist */ = {isa = PBXFileReference; lastKnownFileType = text.plist.xml; path = Info.plist; sourceTree = "<group>"; };
		309605B01C97E2950081F514 /* SelfSizingTableViewCell.swift */ = {isa = PBXFileReference; fileEncoding = 4; lastKnownFileType = sourcecode.swift; path = SelfSizingTableViewCell.swift; sourceTree = "<group>"; };
/* End PBXFileReference section */

/* Begin PBXFrameworksBuildPhase section */
		3047A25D1C914E130053ADA5 /* Frameworks */ = {
			isa = PBXFrameworksBuildPhase;
			buildActionMask = 2147483647;
			files = (
			);
			runOnlyForDeploymentPostprocessing = 0;
		};
		3047A2711C914E130053ADA5 /* Frameworks */ = {
			isa = PBXFrameworksBuildPhase;
			buildActionMask = 2147483647;
			files = (
			);
			runOnlyForDeploymentPostprocessing = 0;
		};
		3047A27C1C914E130053ADA5 /* Frameworks */ = {
			isa = PBXFrameworksBuildPhase;
			buildActionMask = 2147483647;
			files = (
			);
			runOnlyForDeploymentPostprocessing = 0;
		};
/* End PBXFrameworksBuildPhase section */

/* Begin PBXGroup section */
		3047A2571C914E130053ADA5 = {
			isa = PBXGroup;
			children = (
				3047A2621C914E130053ADA5 /* SelfSizingTable */,
				3047A2771C914E130053ADA5 /* SelfSizingTableTests */,
				3047A2821C914E130053ADA5 /* SelfSizingTableUITests */,
				3047A2611C914E130053ADA5 /* Products */,
			);
			sourceTree = "<group>";
		};
		3047A2611C914E130053ADA5 /* Products */ = {
			isa = PBXGroup;
			children = (
				3047A2601C914E130053ADA5 /* SelfSizingTable.app */,
				3047A2741C914E130053ADA5 /* SelfSizingTableTests.xctest */,
				3047A27F1C914E130053ADA5 /* SelfSizingTableUITests.xctest */,
			);
			name = Products;
			sourceTree = "<group>";
		};
		3047A2621C914E130053ADA5 /* SelfSizingTable */ = {
			isa = PBXGroup;
			children = (
				3047A2631C914E130053ADA5 /* AppDelegate.swift */,
				3047A2651C914E130053ADA5 /* ViewController.swift */,
				309605B01C97E2950081F514 /* SelfSizingTableViewCell.swift */,
				3047A2671C914E130053ADA5 /* Main.storyboard */,
				3047A26A1C914E130053ADA5 /* Assets.xcassets */,
				3047A26C1C914E130053ADA5 /* LaunchScreen.storyboard */,
				3047A26F1C914E130053ADA5 /* Info.plist */,
			);
			path = SelfSizingTable;
			sourceTree = "<group>";
		};
		3047A2771C914E130053ADA5 /* SelfSizingTableTests */ = {
			isa = PBXGroup;
			children = (
				3047A2781C914E130053ADA5 /* SelfSizingTableTests.swift */,
				3047A27A1C914E130053ADA5 /* Info.plist */,
			);
			path = SelfSizingTableTests;
			sourceTree = "<group>";
		};
		3047A2821C914E130053ADA5 /* SelfSizingTableUITests */ = {
			isa = PBXGroup;
			children = (
				3047A2831C914E130053ADA5 /* SelfSizingTableUITests.swift */,
				3047A2851C914E130053ADA5 /* Info.plist */,
			);
			path = SelfSizingTableUITests;
			sourceTree = "<group>";
		};
/* End PBXGroup section */

/* Begin PBXNativeTarget section */
		3047A25F1C914E130053ADA5 /* SelfSizingTable */ = {
			isa = PBXNativeTarget;
			buildConfigurationList = 3047A2881C914E130053ADA5 /* Build configuration list for PBXNativeTarget "SelfSizingTable" */;
			buildPhases = (
				3047A25C1C914E130053ADA5 /* Sources */,
				3047A25D1C914E130053ADA5 /* Frameworks */,
				3047A25E1C914E130053ADA5 /* Resources */,
			);
			buildRules = (
			);
			dependencies = (
			);
			name = SelfSizingTable;
			productName = SelfSizingTable;
			productReference = 3047A2601C914E130053ADA5 /* SelfSizingTable.app */;
			productType = "com.apple.product-type.application";
		};
		3047A2731C914E130053ADA5 /* SelfSizingTableTests */ = {
			isa = PBXNativeTarget;
			buildConfigurationList = 3047A28B1C914E130053ADA5 /* Build configuration list for PBXNativeTarget "SelfSizingTableTests" */;
			buildPhases = (
				3047A2701C914E130053ADA5 /* Sources */,
				3047A2711C914E130053ADA5 /* Frameworks */,
				3047A2721C914E130053ADA5 /* Resources */,
			);
			buildRules = (
			);
			dependencies = (
				3047A2761C914E130053ADA5 /* PBXTargetDependency */,
			);
			name = SelfSizingTableTests;
			productName = SelfSizingTableTests;
			productReference = 3047A2741C914E130053ADA5 /* SelfSizingTableTests.xctest */;
			productType = "com.apple.product-type.bundle.unit-test";
		};
		3047A27E1C914E130053ADA5 /* SelfSizingTableUITests */ = {
			isa = PBXNativeTarget;
			buildConfigurationList = 3047A28E1C914E130053ADA5 /* Build configuration list for PBXNativeTarget "SelfSizingTableUITests" */;
			buildPhases = (
				3047A27B1C914E130053ADA5 /* Sources */,
				3047A27C1C914E130053ADA5 /* Frameworks */,
				3047A27D1C914E130053ADA5 /* Resources */,
			);
			buildRules = (
			);
			dependencies = (
				3047A2811C914E130053ADA5 /* PBXTargetDependency */,
			);
			name = SelfSizingTableUITests;
			productName = SelfSizingTableUITests;
			productReference = 3047A27F1C914E130053ADA5 /* SelfSizingTableUITests.xctest */;
			productType = "com.apple.product-type.bundle.ui-testing";
		};
/* End PBXNativeTarget section */

/* Begin PBXProject section */
		3047A2581C914E130053ADA5 /* Project object */ = {
			isa = PBXProject;
			attributes = {
				LastSwiftUpdateCheck = 0720;
				LastUpgradeCheck = 0720;
				ORGANIZATIONNAME = "Lukasz Pikor";
				TargetAttributes = {
					3047A25F1C914E130053ADA5 = {
						CreatedOnToolsVersion = 7.2.1;
					};
					3047A2731C914E130053ADA5 = {
						CreatedOnToolsVersion = 7.2.1;
						TestTargetID = 3047A25F1C914E130053ADA5;
					};
					3047A27E1C914E130053ADA5 = {
						CreatedOnToolsVersion = 7.2.1;
						TestTargetID = 3047A25F1C914E130053ADA5;
					};
				};
			};
			buildConfigurationList = 3047A25B1C914E130053ADA5 /* Build configuration list for PBXProject "SelfSizingTable" */;
			compatibilityVersion = "Xcode 3.2";
			developmentRegion = English;
			hasScannedForEncodings = 0;
			knownRegions = (
				en,
				Base,
			);
			mainGroup = 3047A2571C914E130053ADA5;
			productRefGroup = 3047A2611C914E130053ADA5 /* Products */;
			projectDirPath = "";
			projectRoot = "";
			targets = (
				3047A25F1C914E130053ADA5 /* SelfSizingTable */,
				3047A2731C914E130053ADA5 /* SelfSizingTableTests */,
				3047A27E1C914E130053ADA5 /* SelfSizingTableUITests */,
			);
		};
/* End PBXProject section */

/* Begin PBXResourcesBuildPhase section */
		3047A25E1C914E130053ADA5 /* Resources */ = {
			isa = PBXResourcesBuildPhase;
			buildActionMask = 2147483647;
			files = (
				3047A26E1C914E130053ADA5 /* LaunchScreen.storyboard in Resources */,
				3047A26B1C914E130053ADA5 /* Assets.xcassets in Resources */,
				3047A2691C914E130053ADA5 /* Main.storyboard in Resources */,
			);
			runOnlyForDeploymentPostprocessing = 0;
		};
		3047A2721C914E130053ADA5 /* Resources */ = {
			isa = PBXResourcesBuildPhase;
			buildActionMask = 2147483647;
			files = (
			);
			runOnlyForDeploymentPostprocessing = 0;
		};
		3047A27D1C914E130053ADA5 /* Resources */ = {
			isa = PBXResourcesBuildPhase;
			buildActionMask = 2147483647;
			files = (
			);
			runOnlyForDeploymentPostprocessing = 0;
		};
/* End PBXResourcesBuildPhase section */

/* Begin PBXSourcesBuildPhase section */
		3047A25C1C914E130053ADA5 /* Sources */ = {
			isa = PBXSourcesBuildPhase;
			buildActionMask = 2147483647;
			files = (
				3047A2661C914E130053ADA5 /* ViewController.swift in Sources */,
				309605B11C97E2950081F514 /* SelfSizingTableViewCell.swift in Sources */,
				3047A2641C914E130053ADA5 /* AppDelegate.swift in Sources */,
			);
			runOnlyForDeploymentPostprocessing = 0;
		};
		3047A2701C914E130053ADA5 /* Sources */ = {
			isa = PBXSourcesBuildPhase;
			buildActionMask = 2147483647;
			files = (
				3047A2791C914E130053ADA5 /* SelfSizingTableTests.swift in Sources */,
			);
			runOnlyForDeploymentPostprocessing = 0;
		};
		3047A27B1C914E130053ADA5 /* Sources */ = {
			isa = PBXSourcesBuildPhase;
			buildActionMask = 2147483647;
			files = (
				3047A2841C914E130053ADA5 /* SelfSizingTableUITests.swift in Sources */,
			);
			runOnlyForDeploymentPostprocessing = 0;
		};
/* End PBXSourcesBuildPhase section */

/* Begin PBXTargetDependency section */
		3047A2761C914E130053ADA5 /* PBXTargetDependency */ = {
			isa = PBXTargetDependency;
			target = 3047A25F1C914E130053ADA5 /* SelfSizingTable */;
			targetProxy = 3047A2751C914E130053ADA5 /* PBXContainerItemProxy */;
		};
		3047A2811C914E130053ADA5 /* PBXTargetDependency */ = {
			isa = PBXTargetDependency;
			target = 3047A25F1C914E130053ADA5 /* SelfSizingTable */;
			targetProxy = 3047A2801C914E130053ADA5 /* PBXContainerItemProxy */;
		};
/* End PBXTargetDependency section */

/* Begin PBXVariantGroup section */
		3047A2671C914E130053ADA5 /* Main.storyboard */ = {
			isa = PBXVariantGroup;
			children = (
				3047A2681C914E130053ADA5 /* Base */,
			);
			name = Main.storyboard;
			sourceTree = "<group>";
		};
		3047A26C1C914E130053ADA5 /* LaunchScreen.storyboard */ = {
			isa = PBXVariantGroup;
			children = (
				3047A26D1C914E130053ADA5 /* Base */,
			);
			name = LaunchScreen.storyboard;
			sourceTree = "<group>";
		};
/* End PBXVariantGroup section */

/* Begin XCBuildConfiguration section */
		3047A2861C914E130053ADA5 /* Debug */ = {
			isa = XCBuildConfiguration;
			buildSettings = {
				ALWAYS_SEARCH_USER_PATHS = NO;
				CLANG_CXX_LANGUAGE_STANDARD = "gnu++0x";
				CLANG_CXX_LIBRARY = "libc++";
				CLANG_ENABLE_MODULES = YES;
				CLANG_ENABLE_OBJC_ARC = YES;
				CLANG_WARN_BOOL_CONVERSION = YES;
				CLANG_WARN_CONSTANT_CONVERSION = YES;
				CLANG_WARN_DIRECT_OBJC_ISA_USAGE = YES_ERROR;
				CLANG_WARN_EMPTY_BODY = YES;
				CLANG_WARN_ENUM_CONVERSION = YES;
				CLANG_WARN_INT_CONVERSION = YES;
				CLANG_WARN_OBJC_ROOT_CLASS = YES_ERROR;
				CLANG_WARN_UNREACHABLE_CODE = YES;
				CLANG_WARN__DUPLICATE_METHOD_MATCH = YES;
				"CODE_SIGN_IDENTITY[sdk=iphoneos*]" = "iPhone Developer";
				COPY_PHASE_STRIP = NO;
				DEBUG_INFORMATION_FORMAT = dwarf;
				ENABLE_STRICT_OBJC_MSGSEND = YES;
				ENABLE_TESTABILITY = YES;
				GCC_C_LANGUAGE_STANDARD = gnu99;
				GCC_DYNAMIC_NO_PIC = NO;
				GCC_NO_COMMON_BLOCKS = YES;
				GCC_OPTIMIZATION_LEVEL = 0;
				GCC_PREPROCESSOR_DEFINITIONS = (
					"DEBUG=1",
					"$(inherited)",
				);
				GCC_WARN_64_TO_32_BIT_CONVERSION = YES;
				GCC_WARN_ABOUT_RETURN_TYPE = YES_ERROR;
				GCC_WARN_UNDECLARED_SELECTOR = YES;
				GCC_WARN_UNINITIALIZED_AUTOS = YES_AGGRESSIVE;
				GCC_WARN_UNUSED_FUNCTION = YES;
				GCC_WARN_UNUSED_VARIABLE = YES;
				IPHONEOS_DEPLOYMENT_TARGET = 9.2;
				MTL_ENABLE_DEBUG_INFO = YES;
				ONLY_ACTIVE_ARCH = YES;
				SDKROOT = iphoneos;
				SWIFT_OPTIMIZATION_LEVEL = "-Onone";
			};
			name = Debug;
		};
		3047A2871C914E130053ADA5 /* Release */ = {
			isa = XCBuildConfiguration;
			buildSettings = {
				ALWAYS_SEARCH_USER_PATHS = NO;
				CLANG_CXX_LANGUAGE_STANDARD = "gnu++0x";
				CLANG_CXX_LIBRARY = "libc++";
				CLANG_ENABLE_MODULES = YES;
				CLANG_ENABLE_OBJC_ARC = YES;
				CLANG_WARN_BOOL_CONVERSION = YES;
				CLANG_WARN_CONSTANT_CONVERSION = YES;
				CLANG_WARN_DIRECT_OBJC_ISA_USAGE = YES_ERROR;
				CLANG_WARN_EMPTY_BODY = YES;
				CLANG_WARN_ENUM_CONVERSION = YES;
				CLANG_WARN_INT_CONVERSION = YES;
				CLANG_WARN_OBJC_ROOT_CLASS = YES_ERROR;
				CLANG_WARN_UNREACHABLE_CODE = YES;
				CLANG_WARN__DUPLICATE_METHOD_MATCH = YES;
				"CODE_SIGN_IDENTITY[sdk=iphoneos*]" = "iPhone Developer";
				COPY_PHASE_STRIP = NO;
				DEBUG_INFORMATION_FORMAT = "dwarf-with-dsym";
				ENABLE_NS_ASSERTIONS = NO;
				ENABLE_STRICT_OBJC_MSGSEND = YES;
				GCC_C_LANGUAGE_STANDARD = gnu99;
				GCC_NO_COMMON_BLOCKS = YES;
				GCC_WARN_64_TO_32_BIT_CONVERSION = YES;
				GCC_WARN_ABOUT_RETURN_TYPE = YES_ERROR;
				GCC_WARN_UNDECLARED_SELECTOR = YES;
				GCC_WARN_UNINITIALIZED_AUTOS = YES_AGGRESSIVE;
				GCC_WARN_UNUSED_FUNCTION = YES;
				GCC_WARN_UNUSED_VARIABLE = YES;
				IPHONEOS_DEPLOYMENT_TARGET = 9.2;
				MTL_ENABLE_DEBUG_INFO = NO;
				SDKROOT = iphoneos;
				VALIDATE_PRODUCT = YES;
			};
			name = Release;
		};
		3047A2891C914E130053ADA5 /* Debug */ = {
			isa = XCBuildConfiguration;
			buildSettings = {
				ASSETCATALOG_COMPILER_APPICON_NAME = AppIcon;
				INFOPLIST_FILE = SelfSizingTable/Info.plist;
				LD_RUNPATH_SEARCH_PATHS = "$(inherited) @executable_path/Frameworks";
				PRODUCT_BUNDLE_IDENTIFIER = com.pearpikor.SelfSizingTable;
				PRODUCT_NAME = "$(TARGET_NAME)";
			};
			name = Debug;
		};
		3047A28A1C914E130053ADA5 /* Release */ = {
			isa = XCBuildConfiguration;
			buildSettings = {
				ASSETCATALOG_COMPILER_APPICON_NAME = AppIcon;
				INFOPLIST_FILE = SelfSizingTable/Info.plist;
				LD_RUNPATH_SEARCH_PATHS = "$(inherited) @executable_path/Frameworks";
				PRODUCT_BUNDLE_IDENTIFIER = com.pearpikor.SelfSizingTable;
				PRODUCT_NAME = "$(TARGET_NAME)";
			};
			name = Release;
		};
		3047A28C1C914E130053ADA5 /* Debug */ = {
			isa = XCBuildConfiguration;
			buildSettings = {
				BUNDLE_LOADER = "$(TEST_HOST)";
				INFOPLIST_FILE = SelfSizingTableTests/Info.plist;
				LD_RUNPATH_SEARCH_PATHS = "$(inherited) @executable_path/Frameworks @loader_path/Frameworks";
				PRODUCT_BUNDLE_IDENTIFIER = com.pearpikor.SelfSizingTableTests;
				PRODUCT_NAME = "$(TARGET_NAME)";
				TEST_HOST = "$(BUILT_PRODUCTS_DIR)/SelfSizingTable.app/SelfSizingTable";
			};
			name = Debug;
		};
		3047A28D1C914E130053ADA5 /* Release */ = {
			isa = XCBuildConfiguration;
			buildSettings = {
				BUNDLE_LOADER = "$(TEST_HOST)";
				INFOPLIST_FILE = SelfSizingTableTests/Info.plist;
				LD_RUNPATH_SEARCH_PATHS = "$(inherited) @executable_path/Frameworks @loader_path/Frameworks";
				PRODUCT_BUNDLE_IDENTIFIER = com.pearpikor.SelfSizingTableTests;
				PRODUCT_NAME = "$(TARGET_NAME)";
				TEST_HOST = "$(BUILT_PRODUCTS_DIR)/SelfSizingTable.app/SelfSizingTable";
			};
			name = Release;
		};
		3047A28F1C914E130053ADA5 /* Debug */ = {
			isa = XCBuildConfiguration;
			buildSettings = {
				INFOPLIST_FILE = SelfSizingTableUITests/Info.plist;
				LD_RUNPATH_SEARCH_PATHS = "$(inherited) @executable_path/Frameworks @loader_path/Frameworks";
				PRODUCT_BUNDLE_IDENTIFIER = com.pearpikor.SelfSizingTableUITests;
				PRODUCT_NAME = "$(TARGET_NAME)";
				TEST_TARGET_NAME = SelfSizingTable;
				USES_XCTRUNNER = YES;
			};
			name = Debug;
		};
		3047A2901C914E130053ADA5 /* Release */ = {
			isa = XCBuildConfiguration;
			buildSettings = {
				INFOPLIST_FILE = SelfSizingTableUITests/Info.plist;
				LD_RUNPATH_SEARCH_PATHS = "$(inherited) @executable_path/Frameworks @loader_path/Frameworks";
				PRODUCT_BUNDLE_IDENTIFIER = com.pearpikor.SelfSizingTableUITests;
				PRODUCT_NAME = "$(TARGET_NAME)";
				TEST_TARGET_NAME = SelfSizingTable;
				USES_XCTRUNNER = YES;
			};
			name = Release;
		};
/* End XCBuildConfiguration section */

/* Begin XCConfigurationList section */
		3047A25B1C914E130053ADA5 /* Build configuration list for PBXProject "SelfSizingTable" */ = {
			isa = XCConfigurationList;
			buildConfigurations = (
				3047A2861C914E130053ADA5 /* Debug */,
				3047A2871C914E130053ADA5 /* Release */,
			);
			defaultConfigurationIsVisible = 0;
			defaultConfigurationName = Release;
		};
		3047A2881C914E130053ADA5 /* Build configuration list for PBXNativeTarget "SelfSizingTable" */ = {
			isa = XCConfigurationList;
			buildConfigurations = (
				3047A2891C914E130053ADA5 /* Debug */,
				3047A28A1C914E130053ADA5 /* Release */,
			);
			defaultConfigurationIsVisible = 0;
			defaultConfigurationName = Release;
		};
		3047A28B1C914E130053ADA5 /* Build configuration list for PBXNativeTarget "SelfSizingTableTests" */ = {
			isa = XCConfigurationList;
			buildConfigurations = (
				3047A28C1C914E130053ADA5 /* Debug */,
				3047A28D1C914E130053ADA5 /* Release */,
			);
			defaultConfigurationIsVisible = 0;
			defaultConfigurationName = Release;
		};
		3047A28E1C914E130053ADA5 /* Build configuration list for PBXNativeTarget "SelfSizingTableUITests" */ = {
			isa = XCConfigurationList;
			buildConfigurations = (
				3047A28F1C914E130053ADA5 /* Debug */,
				3047A2901C914E130053ADA5 /* Release */,
			);
			defaultConfigurationIsVisible = 0;
			defaultConfigurationName = Release;
		};
/* End XCConfigurationList section */
	};
	rootObject = 3047A2581C914E130053ADA5 /* Project object */;
}
